<?xml version="1.0" encoding="utf-8"?>
<Project ToolsVersion="4.0" xmlns="http://schemas.microsoft.com/developer/msbuild/2003">
  <ItemGroup>
    <Filter Include="Source Files">
      <UniqueIdentifier>{4FC737F1-C7A5-4376-A066-2A32D752A2FF}</UniqueIdentifier>
      <Extensions>cpp;c;cc;cxx;def;odl;idl;hpj;bat;asm;asmx</Extensions>
    </Filter>
    <Filter Include="Header Files">
      <UniqueIdentifier>{93995380-89BD-4b04-88EB-625FBE52EBFB}</UniqueIdentifier>
      <Extensions>h;hh;hpp;hxx;hm;inl;inc;xsd</Extensions>
    </Filter>
    <Filter Include="Resource Files">
      <UniqueIdentifier>{67DA6AB6-F800-4c08-8B7A-83BB121AAD01}</UniqueIdentifier>
      <Extensions>rc;ico;cur;bmp;dlg;rc2;rct;bin;rgs;gif;jpg;jpeg;jpe;resx;tiff;tif;png;wav;mfcribbon-ms</Extensions>
    </Filter>
    <Filter Include="Header Files\Shapes">
      <UniqueIdentifier>{3cbe1162-a2f0-40f3-95ea-60c398165f28}</UniqueIdentifier>
    </Filter>
    <Filter Include="Header Files\Signal">
      <UniqueIdentifier>{f1b52f84-837a-4c27-a1f7-e867b3ba2a86}</UniqueIdentifier>
    </Filter>
    <Filter Include="Header Files\TextUI">
      <UniqueIdentifier>{d004c62d-39a4-485c-a2b2-bc1fe19f33e6}</UniqueIdentifier>
    </Filter>
    <Filter Include="Header Files\App">
      <UniqueIdentifier>{bec20a86-efea-465f-9486-ef71207b0f47}</UniqueIdentifier>
    </Filter>
  </ItemGroup>
  <ItemGroup>
    <ClCompile Include="main.cpp">
      <Filter>Source Files</Filter>
    </ClCompile>
    <ClCompile Include="App\ShapeButton.cpp">
      <Filter>Header Files\App</Filter>
    </ClCompile>
  </ItemGroup>
  <ItemGroup>
    <ClInclude Include="Vector2.h">
      <Filter>Header Files</Filter>
    </ClInclude>
    <ClInclude Include="Shape.h">
      <Filter>Header Files</Filter>
    </ClInclude>
    <ClInclude Include="Square.h">
      <Filter>Header Files\Shapes</Filter>
    </ClInclude>
    <ClInclude Include="ShapeStore.h">
      <Filter>Header Files</Filter>
    </ClInclude>
    <ClInclude Include="Shapes2D.h">
      <Filter>Header Files</Filter>
    </ClInclude>
    <ClInclude Include="Rectangle.h">
      <Filter>Header Files\Shapes</Filter>
    </ClInclude>
    <ClInclude Include="Triangle.h">
      <Filter>Header Files\Shapes</Filter>
    </ClInclude>
    <ClInclude Include="Trapezoid.h">
      <Filter>Header Files\Shapes</Filter>
    </ClInclude>
    <ClInclude Include="Utils.h">
      <Filter>Header Files</Filter>
    </ClInclude>
    <ClInclude Include="Parallelogram.h">
      <Filter>Header Files\Shapes</Filter>
    </ClInclude>
    <ClInclude Include="Circle.h">
      <Filter>Header Files\Shapes</Filter>
    </ClInclude>
    <ClInclude Include="List.h">
      <Filter>Header Files</Filter>
    </ClInclude>
    <ClInclude Include="ShapeWizard.h">
      <Filter>Header Files</Filter>
    </ClInclude>
    <ClInclude Include="Signal\Signal.h">
      <Filter>Header Files\Signal</Filter>
    </ClInclude>
    <ClInclude Include="TextUI\Menu.h">
      <Filter>Header Files\TextUI</Filter>
    </ClInclude>
    <ClInclude Include="TextUI\Widget.h">
      <Filter>Header Files\TextUI</Filter>
    </ClInclude>
    <ClInclude Include="TextUI\Button.h">
      <Filter>Header Files\TextUI</Filter>
    </ClInclude>
    <ClInclude Include="TextUI\MenuController.h">
      <Filter>Header Files\TextUI</Filter>
    </ClInclude>
    <ClInclude Include="App\ShapeButton.h">
      <Filter>Header Files\App</Filter>
    </ClInclude>
    <ClInclude Include="TextUI\Spacer.h">
      <Filter>Header Files\TextUI</Filter>
    </ClInclude>
  </ItemGroup>
</Project>